{
  "version": "4",
  "remote": {
    "https://esm.sh/@supabase/supabase-js@2.39.7": "5361671c958daa350e504d9975da64b2d6dc9e81390b985ccdafb2e3572e24e7"
  },
  "workspace": {
    "packageJson": {
      "dependencies": [
        "npm:@replit/connectors-sdk@0.3",
        "npm:@rollup/rollup-win32-x64-msvc@^4.60.1",
        "npm:lightningcss-win32-x64-msvc@1.29.1",
        "npm:prettier@^3.8.1",
        "npm:typescript@~5.9.2"
      ]
    }
  }
}
